
Microsoft Visual Studio Solution File, Format Version 12.00
# Visual Studio Version 16
VisualStudioVersion = 16.0.29201.188
MinimumVisualStudioVersion = 10.0.40219.1
Project("{9A19103F-16F7-4668-BE54-9A1E7A4F7556}") = "LocalAdmin V2", "LocalAdmin V2.csproj", "{F6E692D6-0CC5-4742-829E-14E382C250E7}"
EndProject
Global
	GlobalSection(SolutionConfigurationPlatforms) = preSolution
		Debug|Any CPU = Debug|Any CPU
		Debug|x64 = Debug|x64
		Release|Any CPU = Release|Any CPU
		Release|x64 = Release|x64
	EndGlobalSection
	GlobalSection(ProjectConfigurationPlatforms) = postSolution
		{F6E692D6-0CC5-4742-829E-14E382C250E7}.Debug|Any CPU.ActiveCfg = Debug|Any CPU
		{F6E692D6-0CC5-4742-829E-14E382C250E7}.Debug|Any CPU.Build.0 = Debug|Any CPU
		{F6E692D6-0CC5-4742-829E-14E382C250E7}.Debug|x64.ActiveCfg = Debug|x64
		{F6E692D6-0CC5-4742-829E-14E382C250E7}.Debug|x64.Build.0 = Debug|x64
		{F6E692D6-0CC5-4742-829E-14E382C250E7}.Release|Any CPU.ActiveCfg = Release|Any CPU
		{F6E692D6-0CC5-4742-829E-14E382C250E7}.Release|Any CPU.Build.0 = Release|Any CPU
		{F6E692D6-0CC5-4742-829E-14E382C250E7}.Release|x64.ActiveCfg = Release|x64
		{F6E692D6-0CC5-4742-829E-14E382C250E7}.Release|x64.Build.0 = Release|x64
	EndGlobalSection
	GlobalSection(SolutionProperties) = preSolution
		HideSolutionNode = FALSE
	EndGlobalSection
	GlobalSection(ExtensibilityGlobals) = postSolution
		SolutionGuid = {AEDA7BF9-4A5E-45B9-A5C6-26E7EA0299BB}
	EndGlobalSection
EndGlobal
